
Microsoft Visual Studio Solution File, Format Version 12.00
# Visual Studio Version 17
VisualStudioVersion = 17.5.002.0
MinimumVisualStudioVersion = 10.0.40219.1
Project("{9A19103F-16F7-4668-BE54-9A1E7A4F7556}") = "BaiTap", "BaiTap.csproj", "{824D070A-115B-476A-9BC7-7F189B62A01B}"
EndProject
Global
	GlobalSection(SolutionConfigurationPlatforms) = preSolution
		Debug|Any CPU = Debug|Any CPU
		Release|Any CPU = Release|Any CPU
	EndGlobalSection
	GlobalSection(ProjectConfigurationPlatforms) = postSolution
		{824D070A-115B-476A-9BC7-7F189B62A01B}.Debug|Any CPU.ActiveCfg = Debug|Any CPU
		{824D070A-115B-476A-9BC7-7F189B62A01B}.Debug|Any CPU.Build.0 = Debug|Any CPU
		{824D070A-115B-476A-9BC7-7F189B62A01B}.Release|Any CPU.ActiveCfg = Release|Any CPU
		{824D070A-115B-476A-9BC7-7F189B62A01B}.Release|Any CPU.Build.0 = Release|Any CPU
	EndGlobalSection
	GlobalSection(SolutionProperties) = preSolution
		HideSolutionNode = FALSE
	EndGlobalSection
	GlobalSection(ExtensibilityGlobals) = postSolution
		SolutionGuid = {2E0E7E23-ECDD-4E49-AD66-7123F5474EE5}
	EndGlobalSection
EndGlobal
