
Microsoft Visual Studio Solution File, Format Version 12.00
# Visual Studio Version 17
VisualStudioVersion = 17.5.002.0
MinimumVisualStudioVersion = 10.0.40219.1
Project("{9A19103F-16F7-4668-BE54-9A1E7A4F7556}") = "BaiTap", "BaiTap.csproj", "{5A59F762-A053-4C14-B8F0-6360B2CCD19E}"
EndProject
Global
	GlobalSection(SolutionConfigurationPlatforms) = preSolution
		Debug|Any CPU = Debug|Any CPU
		Release|Any CPU = Release|Any CPU
	EndGlobalSection
	GlobalSection(ProjectConfigurationPlatforms) = postSolution
		{5A59F762-A053-4C14-B8F0-6360B2CCD19E}.Debug|Any CPU.ActiveCfg = Debug|Any CPU
		{5A59F762-A053-4C14-B8F0-6360B2CCD19E}.Debug|Any CPU.Build.0 = Debug|Any CPU
		{5A59F762-A053-4C14-B8F0-6360B2CCD19E}.Release|Any CPU.ActiveCfg = Release|Any CPU
		{5A59F762-A053-4C14-B8F0-6360B2CCD19E}.Release|Any CPU.Build.0 = Release|Any CPU
	EndGlobalSection
	GlobalSection(SolutionProperties) = preSolution
		HideSolutionNode = FALSE
	EndGlobalSection
	GlobalSection(ExtensibilityGlobals) = postSolution
		SolutionGuid = {04B3BA17-1292-40C2-9611-798F215182A4}
	EndGlobalSection
EndGlobal
